
Microsoft Visual Studio Solution File, Format Version 12.00
# Visual Studio Version 16
VisualStudioVersion = 16.0.31613.86
MinimumVisualStudioVersion = 10.0.40219.1
Project("{FAE04EC0-301F-11D3-BF4B-00C04F79EFBC}") = "ThreadPoolMySqlTests", "ThreadPoolMySqlTests\ThreadPoolMySqlTests.csproj", "{AB536916-D615-4DAE-A7F7-F3C94728445A}"
EndProject
Global
	GlobalSection(SolutionConfigurationPlatforms) = preSolution
		Debug|Any CPU = Debug|Any CPU
		Release|Any CPU = Release|Any CPU
	EndGlobalSection
	GlobalSection(ProjectConfigurationPlatforms) = postSolution
		{AB536916-D615-4DAE-A7F7-F3C94728445A}.Debug|Any CPU.ActiveCfg = Debug|Any CPU
		{AB536916-D615-4DAE-A7F7-F3C94728445A}.Debug|Any CPU.Build.0 = Debug|Any CPU
		{AB536916-D615-4DAE-A7F7-F3C94728445A}.Release|Any CPU.ActiveCfg = Release|Any CPU
		{AB536916-D615-4DAE-A7F7-F3C94728445A}.Release|Any CPU.Build.0 = Release|Any CPU
	EndGlobalSection
	GlobalSection(SolutionProperties) = preSolution
		HideSolutionNode = FALSE
	EndGlobalSection
	GlobalSection(ExtensibilityGlobals) = postSolution
		SolutionGuid = {62427799-1CD2-4180-98F6-645AB6FAEFD8}
	EndGlobalSection
EndGlobal
